
Microsoft Visual Studio Solution File, Format Version 12.00
# Visual Studio Version 17
VisualStudioVersion = 17.14.36908.2 d17.14
MinimumVisualStudioVersion = 10.0.40219.1
Project("{FAE04EC0-301F-11D3-BF4B-00C04F79EFBC}") = "Corse Project", "Corse Project.csproj", "{0A0F8A25-0750-4F0E-B34E-E16125D12293}"
EndProject
Global
	GlobalSection(SolutionConfigurationPlatforms) = preSolution
		Debug|Any CPU = Debug|Any CPU
		Release|Any CPU = Release|Any CPU
	EndGlobalSection
	GlobalSection(ProjectConfigurationPlatforms) = postSolution
		{0A0F8A25-0750-4F0E-B34E-E16125D12293}.Debug|Any CPU.ActiveCfg = Debug|Any CPU
		{0A0F8A25-0750-4F0E-B34E-E16125D12293}.Debug|Any CPU.Build.0 = Debug|Any CPU
		{0A0F8A25-0750-4F0E-B34E-E16125D12293}.Release|Any CPU.ActiveCfg = Release|Any CPU
		{0A0F8A25-0750-4F0E-B34E-E16125D12293}.Release|Any CPU.Build.0 = Release|Any CPU
	EndGlobalSection
	GlobalSection(SolutionProperties) = preSolution
		HideSolutionNode = FALSE
	EndGlobalSection
	GlobalSection(ExtensibilityGlobals) = postSolution
		SolutionGuid = {0E6546F0-3B9D-4C49-B90A-E409867DB041}
	EndGlobalSection
EndGlobal
